
Microsoft Visual Studio Solution File, Format Version 12.00
# Visual Studio Version 17
VisualStudioVersion = 17.4.33213.308
MinimumVisualStudioVersion = 10.0.40219.1
Project("{FAE04EC0-301F-11D3-BF4B-00C04F79EFBC}") = "WebAppMX", "WebAppMX.csproj", "{FFF35DC4-E1C1-4781-81B9-00D6595584EC}"
EndProject
Global
	GlobalSection(SolutionConfigurationPlatforms) = preSolution
		Debug|Any CPU = Debug|Any CPU
		Release|Any CPU = Release|Any CPU
	EndGlobalSection
	GlobalSection(ProjectConfigurationPlatforms) = postSolution
		{FFF35DC4-E1C1-4781-81B9-00D6595584EC}.Debug|Any CPU.ActiveCfg = Debug|Any CPU
		{FFF35DC4-E1C1-4781-81B9-00D6595584EC}.Debug|Any CPU.Build.0 = Debug|Any CPU
		{FFF35DC4-E1C1-4781-81B9-00D6595584EC}.Release|Any CPU.ActiveCfg = Release|Any CPU
		{FFF35DC4-E1C1-4781-81B9-00D6595584EC}.Release|Any CPU.Build.0 = Release|Any CPU
	EndGlobalSection
	GlobalSection(SolutionProperties) = preSolution
		HideSolutionNode = FALSE
	EndGlobalSection
	GlobalSection(ExtensibilityGlobals) = postSolution
		SolutionGuid = {3B877196-256B-4DE4-A7B4-0B3684A2B922}
	EndGlobalSection
EndGlobal
